
Microsoft Visual Studio Solution File, Format Version 12.00
# Visual Studio Version 17
VisualStudioVersion = 17.9.34714.143
MinimumVisualStudioVersion = 10.0.40219.1
Project("{FAE04EC0-301F-11D3-BF4B-00C04F79EFBC}") = "ExploreCalifornia", "ExploreCalifornia\ExploreCalifornia.csproj", "{EC7BF63D-4009-493B-A468-0A433294B23E}"
EndProject
Global
	GlobalSection(SolutionConfigurationPlatforms) = preSolution
		Debug|Any CPU = Debug|Any CPU
		Release|Any CPU = Release|Any CPU
	EndGlobalSection
	GlobalSection(ProjectConfigurationPlatforms) = postSolution
		{EC7BF63D-4009-493B-A468-0A433294B23E}.Debug|Any CPU.ActiveCfg = Debug|Any CPU
		{EC7BF63D-4009-493B-A468-0A433294B23E}.Debug|Any CPU.Build.0 = Debug|Any CPU
		{EC7BF63D-4009-493B-A468-0A433294B23E}.Release|Any CPU.ActiveCfg = Release|Any CPU
		{EC7BF63D-4009-493B-A468-0A433294B23E}.Release|Any CPU.Build.0 = Release|Any CPU
	EndGlobalSection
	GlobalSection(SolutionProperties) = preSolution
		HideSolutionNode = FALSE
	EndGlobalSection
	GlobalSection(ExtensibilityGlobals) = postSolution
		SolutionGuid = {B7EFFE27-3E5E-40B3-A134-AE99D2D26947}
	EndGlobalSection
EndGlobal
